// !$*UTF8*$!
{
	archiveVersion = 1;
	classes = {
	};
	objectVersion = 51;
	objects = {

/* Begin PBXBuildFile section */
		166FBF1D7BA7DAE1EF4092AC /* Pods_Weather2021.framework in Frameworks */ = {isa = PBXBuildFile; fileRef = D44F541A669AA491E8BFC500 /* Pods_Weather2021.framework */; };
		D122EB8126722FAD007566F5 /* GoogleService-Info.plist in Resources */ = {isa = PBXBuildFile; fileRef = D122EB8026722FAD007566F5 /* GoogleService-Info.plist */; };
		D122EB892672338D007566F5 /* FireBase.swift in Sources */ = {isa = PBXBuildFile; fileRef = D122EB882672338D007566F5 /* FireBase.swift */; };
		D122EB90267366DB007566F5 /* WindManagerWeather.swift in Sources */ = {isa = PBXBuildFile; fileRef = D122EB8F267366DB007566F5 /* WindManagerWeather.swift */; };
		D122EB9326737449007566F5 /* TableViewController.swift in Sources */ = {isa = PBXBuildFile; fileRef = D122EB9226737449007566F5 /* TableViewController.swift */; };
		D1D98191266FF54300FB521E /* AppDelegate.swift in Sources */ = {isa = PBXBuildFile; fileRef = D1D98190266FF54300FB521E /* AppDelegate.swift */; };
		D1D98193266FF54300FB521E /* SceneDelegate.swift in Sources */ = {isa = PBXBuildFile; fileRef = D1D98192266FF54300FB521E /* SceneDelegate.swift */; };
		D1D98195266FF54300FB521E /* ViewController.swift in Sources */ = {isa = PBXBuildFile; fileRef = D1D98194266FF54300FB521E /* ViewController.swift */; };
		D1D98198266FF54300FB521E /* Main.storyboard in Resources */ = {isa = PBXBuildFile; fileRef = D1D98196266FF54300FB521E /* Main.storyboard */; };
		D1D9819A266FF54600FB521E /* Assets.xcassets in Resources */ = {isa = PBXBuildFile; fileRef = D1D98199266FF54600FB521E /* Assets.xcassets */; };
		D1D9819D266FF54600FB521E /* LaunchScreen.storyboard in Resources */ = {isa = PBXBuildFile; fileRef = D1D9819B266FF54600FB521E /* LaunchScreen.storyboard */; };
		D1D9828D2670994800FB521E /* WeatherModels.swift in Sources */ = {isa = PBXBuildFile; fileRef = D1D9828C2670994800FB521E /* WeatherModels.swift */; };
		D1D9829026709AA000FB521E /* DataCurrentWeather.swift in Sources */ = {isa = PBXBuildFile; fileRef = D1D9828F26709AA000FB521E /* DataCurrentWeather.swift */; };
		D1D982942670BF8100FB521E /* ManagerFetch.swift in Sources */ = {isa = PBXBuildFile; fileRef = D1D982932670BF8100FB521E /* ManagerFetch.swift */; };
/* End PBXBuildFile section */

/* Begin PBXFileReference section */
		CAF57CBDF06EA9364D1E553A /* Pods-Weather2021.release.xcconfig */ = {isa = PBXFileReference; includeInIndex = 1; lastKnownFileType = text.xcconfig; name = "Pods-Weather2021.release.xcconfig"; path = "Target Support Files/Pods-Weather2021/Pods-Weather2021.release.xcconfig"; sourceTree = "<group>"; };
		D122EB8026722FAD007566F5 /* GoogleService-Info.plist */ = {isa = PBXFileReference; fileEncoding = 4; lastKnownFileType = text.plist.xml; path = "GoogleService-Info.plist"; sourceTree = "<group>"; };
		D122EB882672338D007566F5 /* FireBase.swift */ = {isa = PBXFileReference; lastKnownFileType = sourcecode.swift; path = FireBase.swift; sourceTree = "<group>"; };
		D122EB8F267366DB007566F5 /* WindManagerWeather.swift */ = {isa = PBXFileReference; lastKnownFileType = sourcecode.swift; path = WindManagerWeather.swift; sourceTree = "<group>"; };
		D122EB9226737449007566F5 /* TableViewController.swift */ = {isa = PBXFileReference; lastKnownFileType = sourcecode.swift; path = TableViewController.swift; sourceTree = "<group>"; };
		D1D9818D266FF54300FB521E /* Weather2021.app */ = {isa = PBXFileReference; explicitFileType = wrapper.application; includeInIndex = 0; path = Weather2021.app; sourceTree = BUILT_PRODUCTS_DIR; };
		D1D98190266FF54300FB521E /* AppDelegate.swift */ = {isa = PBXFileReference; lastKnownFileType = sourcecode.swift; path = AppDelegate.swift; sourceTree = "<group>"; };
		D1D98192266FF54300FB521E /* SceneDelegate.swift */ = {isa = PBXFileReference; lastKnownFileType = sourcecode.swift; path = SceneDelegate.swift; sourceTree = "<group>"; };
		D1D98194266FF54300FB521E /* ViewController.swift */ = {isa = PBXFileReference; lastKnownFileType = sourcecode.swift; path = ViewController.swift; sourceTree = "<group>"; };
		D1D98197266FF54300FB521E /* Base */ = {isa = PBXFileReference; lastKnownFileType = file.storyboard; name = Base; path = Base.lproj/Main.storyboard; sourceTree = "<group>"; };
		D1D98199266FF54600FB521E /* Assets.xcassets */ = {isa = PBXFileReference; lastKnownFileType = folder.assetcatalog; path = Assets.xcassets; sourceTree = "<group>"; };
		D1D9819C266FF54600FB521E /* Base */ = {isa = PBXFileReference; lastKnownFileType = file.storyboard; name = Base; path = Base.lproj/LaunchScreen.storyboard; sourceTree = "<group>"; };
		D1D9819E266FF54600FB521E /* Info.plist */ = {isa = PBXFileReference; lastKnownFileType = text.plist.xml; path = Info.plist; sourceTree = "<group>"; };
		D1D9828C2670994800FB521E /* WeatherModels.swift */ = {isa = PBXFileReference; lastKnownFileType = sourcecode.swift; path = WeatherModels.swift; sourceTree = "<group>"; };
		D1D9828F26709AA000FB521E /* DataCurrentWeather.swift */ = {isa = PBXFileReference; lastKnownFileType = sourcecode.swift; path = DataCurrentWeather.swift; sourceTree = "<group>"; };
		D1D982932670BF8100FB521E /* ManagerFetch.swift */ = {isa = PBXFileReference; lastKnownFileType = sourcecode.swift; path = ManagerFetch.swift; sourceTree = "<group>"; };
		D44F541A669AA491E8BFC500 /* Pods_Weather2021.framework */ = {isa = PBXFileReference; explicitFileType = wrapper.framework; includeInIndex = 0; path = Pods_Weather2021.framework; sourceTree = BUILT_PRODUCTS_DIR; };
		F8313B3EF1B540F3CA6B7BB9 /* Pods-Weather2021.debug.xcconfig */ = {isa = PBXFileReference; includeInIndex = 1; lastKnownFileType = text.xcconfig; name = "Pods-Weather2021.debug.xcconfig"; path = "Target Support Files/Pods-Weather2021/Pods-Weather2021.debug.xcconfig"; sourceTree = "<group>"; };
/* End PBXFileReference section */

/* Begin PBXFrameworksBuildPhase section */
		D1D9818A266FF54300FB521E /* Frameworks */ = {
			isa = PBXFrameworksBuildPhase;
			buildActionMask = 2147483647;
			files = (
				166FBF1D7BA7DAE1EF4092AC /* Pods_Weather2021.framework in Frameworks */,
			);
			runOnlyForDeploymentPostprocessing = 0;
		};
/* End PBXFrameworksBuildPhase section */

/* Begin PBXGroup section */
		2ED0FEDCAB4D60B3E430C5BE /* Frameworks */ = {
			isa = PBXGroup;
			children = (
				D44F541A669AA491E8BFC500 /* Pods_Weather2021.framework */,
			);
			name = Frameworks;
			sourceTree = "<group>";
		};
		56C8DC6D745269CD0DDD383F /* Pods */ = {
			isa = PBXGroup;
			children = (
				F8313B3EF1B540F3CA6B7BB9 /* Pods-Weather2021.debug.xcconfig */,
				CAF57CBDF06EA9364D1E553A /* Pods-Weather2021.release.xcconfig */,
			);
			path = Pods;
			sourceTree = "<group>";
		};
		D122EB85267231E7007566F5 /* FireBaseService */ = {
			isa = PBXGroup;
			children = (
				D122EB882672338D007566F5 /* FireBase.swift */,
			);
			path = FireBaseService;
			sourceTree = "<group>";
		};
		D1D98184266FF54300FB521E = {
			isa = PBXGroup;
			children = (
				D1D9818F266FF54300FB521E /* Weather2021 */,
				D1D9818E266FF54300FB521E /* Products */,
				56C8DC6D745269CD0DDD383F /* Pods */,
				2ED0FEDCAB4D60B3E430C5BE /* Frameworks */,
			);
			sourceTree = "<group>";
		};
		D1D9818E266FF54300FB521E /* Products */ = {
			isa = PBXGroup;
			children = (
				D1D9818D266FF54300FB521E /* Weather2021.app */,
			);
			name = Products;
			sourceTree = "<group>";
		};
		D1D9818F266FF54300FB521E /* Weather2021 */ = {
			isa = PBXGroup;
			children = (
				D1D982862670986700FB521E /* Models */,
				D1D982882670988A00FB521E /* ViewControllers */,
				D1D982872670987C00FB521E /* Views */,
				D122EB85267231E7007566F5 /* FireBaseService */,
				D1D98289267098B500FB521E /* Support files */,
				D1D9819E266FF54600FB521E /* Info.plist */,
				D122EB8026722FAD007566F5 /* GoogleService-Info.plist */,
			);
			path = Weather2021;
			sourceTree = "<group>";
		};
		D1D982862670986700FB521E /* Models */ = {
			isa = PBXGroup;
			children = (
				D1D9828C2670994800FB521E /* WeatherModels.swift */,
				D1D9828F26709AA000FB521E /* DataCurrentWeather.swift */,
				D1D982932670BF8100FB521E /* ManagerFetch.swift */,
				D122EB8F267366DB007566F5 /* WindManagerWeather.swift */,
			);
			path = Models;
			sourceTree = "<group>";
		};
		D1D982872670987C00FB521E /* Views */ = {
			isa = PBXGroup;
			children = (
				D1D9819B266FF54600FB521E /* LaunchScreen.storyboard */,
				D1D98196266FF54300FB521E /* Main.storyboard */,
			);
			path = Views;
			sourceTree = "<group>";
		};
		D1D982882670988A00FB521E /* ViewControllers */ = {
			isa = PBXGroup;
			children = (
				D1D98194266FF54300FB521E /* ViewController.swift */,
				D122EB9226737449007566F5 /* TableViewController.swift */,
			);
			path = ViewControllers;
			sourceTree = "<group>";
		};
		D1D98289267098B500FB521E /* Support files */ = {
			isa = PBXGroup;
			children = (
				D1D98190266FF54300FB521E /* AppDelegate.swift */,
				D1D98192266FF54300FB521E /* SceneDelegate.swift */,
				D1D98199266FF54600FB521E /* Assets.xcassets */,
			);
			path = "Support files";
			sourceTree = "<group>";
		};
/* End PBXGroup section */

/* Begin PBXNativeTarget section */
		D1D9818C266FF54300FB521E /* Weather2021 */ = {
			isa = PBXNativeTarget;
			buildConfigurationList = D1D981A1266FF54600FB521E /* Build configuration list for PBXNativeTarget "Weather2021" */;
			buildPhases = (
				41C00D8BDCB87A7EDD3260F1 /* [CP] Check Pods Manifest.lock */,
				D1D98189266FF54300FB521E /* Sources */,
				D1D9818A266FF54300FB521E /* Frameworks */,
				D1D9818B266FF54300FB521E /* Resources */,
				73E1315E38C08233BA8FD2ED /* [CP] Embed Pods Frameworks */,
			);
			buildRules = (
			);
			dependencies = (
			);
			name = Weather2021;
			productName = Weather2021;
			productReference = D1D9818D266FF54300FB521E /* Weather2021.app */;
			productType = "com.apple.product-type.application";
		};
/* End PBXNativeTarget section */

/* Begin PBXProject section */
		D1D98185266FF54300FB521E /* Project object */ = {
			isa = PBXProject;
			attributes = {
				LastSwiftUpdateCheck = 1240;
				LastUpgradeCheck = 1240;
				TargetAttributes = {
					D1D9818C266FF54300FB521E = {
						CreatedOnToolsVersion = 12.4;
					};
				};
			};
			buildConfigurationList = D1D98188266FF54300FB521E /* Build configuration list for PBXProject "Weather2021" */;
			compatibilityVersion = "Xcode 9.3";
			developmentRegion = en;
			hasScannedForEncodings = 0;
			knownRegions = (
				en,
				Base,
			);
			mainGroup = D1D98184266FF54300FB521E;
			productRefGroup = D1D9818E266FF54300FB521E /* Products */;
			projectDirPath = "";
			projectRoot = "";
			targets = (
				D1D9818C266FF54300FB521E /* Weather2021 */,
			);
		};
/* End PBXProject section */

/* Begin PBXResourcesBuildPhase section */
		D1D9818B266FF54300FB521E /* Resources */ = {
			isa = PBXResourcesBuildPhase;
			buildActionMask = 2147483647;
			files = (
				D1D9819D266FF54600FB521E /* LaunchScreen.storyboard in Resources */,
				D1D9819A266FF54600FB521E /* Assets.xcassets in Resources */,
				D1D98198266FF54300FB521E /* Main.storyboard in Resources */,
				D122EB8126722FAD007566F5 /* GoogleService-Info.plist in Resources */,
			);
			runOnlyForDeploymentPostprocessing = 0;
		};
/* End PBXResourcesBuildPhase section */

/* Begin PBXShellScriptBuildPhase section */
		41C00D8BDCB87A7EDD3260F1 /* [CP] Check Pods Manifest.lock */ = {
			isa = PBXShellScriptBuildPhase;
			buildActionMask = 2147483647;
			files = (
			);
			inputFileListPaths = (
			);
			inputPaths = (
				"${PODS_PODFILE_DIR_PATH}/Podfile.lock",
				"${PODS_ROOT}/Manifest.lock",
			);
			name = "[CP] Check Pods Manifest.lock";
			outputFileListPaths = (
			);
			outputPaths = (
				"$(DERIVED_FILE_DIR)/Pods-Weather2021-checkManifestLockResult.txt",
			);
			runOnlyForDeploymentPostprocessing = 0;
			shellPath = /bin/sh;
			shellScript = "diff \"${PODS_PODFILE_DIR_PATH}/Podfile.lock\" \"${PODS_ROOT}/Manifest.lock\" > /dev/null\nif [ $? != 0 ] ; then\n    # print error to STDERR\n    echo \"error: The sandbox is not in sync with the Podfile.lock. Run 'pod install' or update your CocoaPods installation.\" >&2\n    exit 1\nfi\n# This output is used by Xcode 'outputs' to avoid re-running this script phase.\necho \"SUCCESS\" > \"${SCRIPT_OUTPUT_FILE_0}\"\n";
			showEnvVarsInLog = 0;
		};
		73E1315E38C08233BA8FD2ED /* [CP] Embed Pods Frameworks */ = {
			isa = PBXShellScriptBuildPhase;
			buildActionMask = 2147483647;
			files = (
			);
			inputFileListPaths = (
				"${PODS_ROOT}/Target Support Files/Pods-Weather2021/Pods-Weather2021-frameworks-${CONFIGURATION}-input-files.xcfilelist",
			);
			name = "[CP] Embed Pods Frameworks";
			outputFileListPaths = (
				"${PODS_ROOT}/Target Support Files/Pods-Weather2021/Pods-Weather2021-frameworks-${CONFIGURATION}-output-files.xcfilelist",
			);
			runOnlyForDeploymentPostprocessing = 0;
			shellPath = /bin/sh;
			shellScript = "\"${PODS_ROOT}/Target Support Files/Pods-Weather2021/Pods-Weather2021-frameworks.sh\"\n";
			showEnvVarsInLog = 0;
		};
/* End PBXShellScriptBuildPhase section */

/* Begin PBXSourcesBuildPhase section */
		D1D98189266FF54300FB521E /* Sources */ = {
			isa = PBXSourcesBuildPhase;
			buildActionMask = 2147483647;
			files = (
				D122EB90267366DB007566F5 /* WindManagerWeather.swift in Sources */,
				D1D982942670BF8100FB521E /* ManagerFetch.swift in Sources */,
				D1D98195266FF54300FB521E /* ViewController.swift in Sources */,
				D1D98191266FF54300FB521E /* AppDelegate.swift in Sources */,
				D1D9829026709AA000FB521E /* DataCurrentWeather.swift in Sources */,
				D1D9828D2670994800FB521E /* WeatherModels.swift in Sources */,
				D1D98193266FF54300FB521E /* SceneDelegate.swift in Sources */,
				D122EB9326737449007566F5 /* TableViewController.swift in Sources */,
				D122EB892672338D007566F5 /* FireBase.swift in Sources */,
			);
			runOnlyForDeploymentPostprocessing = 0;
		};
/* End PBXSourcesBuildPhase section */

/* Begin PBXVariantGroup section */
		D1D98196266FF54300FB521E /* Main.storyboard */ = {
			isa = PBXVariantGroup;
			children = (
				D1D98197266FF54300FB521E /* Base */,
			);
			name = Main.storyboard;
			sourceTree = "<group>";
		};
		D1D9819B266FF54600FB521E /* LaunchScreen.storyboard */ = {
			isa = PBXVariantGroup;
			children = (
				D1D9819C266FF54600FB521E /* Base */,
			);
			name = LaunchScreen.storyboard;
			sourceTree = "<group>";
		};
/* End PBXVariantGroup section */

/* Begin XCBuildConfiguration section */
		D1D9819F266FF54600FB521E /* Debug */ = {
			isa = XCBuildConfiguration;
			buildSettings = {
				ALWAYS_SEARCH_USER_PATHS = NO;
				CLANG_ANALYZER_NONNULL = YES;
				CLANG_ANALYZER_NUMBER_OBJECT_CONVERSION = YES_AGGRESSIVE;
				CLANG_CXX_LANGUAGE_STANDARD = "gnu++14";
				CLANG_CXX_LIBRARY = "libc++";
				CLANG_ENABLE_MODULES = YES;
				CLANG_ENABLE_OBJC_ARC = YES;
				CLANG_ENABLE_OBJC_WEAK = YES;
				CLANG_WARN_BLOCK_CAPTURE_AUTORELEASING = YES;
				CLANG_WARN_BOOL_CONVERSION = YES;
				CLANG_WARN_COMMA = YES;
				CLANG_WARN_CONSTANT_CONVERSION = YES;
				CLANG_WARN_DEPRECATED_OBJC_IMPLEMENTATIONS = YES;
				CLANG_WARN_DIRECT_OBJC_ISA_USAGE = YES_ERROR;
				CLANG_WARN_DOCUMENTATION_COMMENTS = YES;
				CLANG_WARN_EMPTY_BODY = YES;
				CLANG_WARN_ENUM_CONVERSION = YES;
				CLANG_WARN_INFINITE_RECURSION = YES;
				CLANG_WARN_INT_CONVERSION = YES;
				CLANG_WARN_NON_LITERAL_NULL_CONVERSION = YES;
				CLANG_WARN_OBJC_IMPLICIT_RETAIN_SELF = YES;
				CLANG_WARN_OBJC_LITERAL_CONVERSION = YES;
				CLANG_WARN_OBJC_ROOT_CLASS = YES_ERROR;
				CLANG_WARN_QUOTED_INCLUDE_IN_FRAMEWORK_HEADER = YES;
				CLANG_WARN_RANGE_LOOP_ANALYSIS = YES;
				CLANG_WARN_STRICT_PROTOTYPES = YES;
				CLANG_WARN_SUSPICIOUS_MOVE = YES;
				CLANG_WARN_UNGUARDED_AVAILABILITY = YES_AGGRESSIVE;
				CLANG_WARN_UNREACHABLE_CODE = YES;
				CLANG_WARN__DUPLICATE_METHOD_MATCH = YES;
				COPY_PHASE_STRIP = NO;
				DEBUG_INFORMATION_FORMAT = dwarf;
				ENABLE_STRICT_OBJC_MSGSEND = YES;
				ENABLE_TESTABILITY = YES;
				GCC_C_LANGUAGE_STANDARD = gnu11;
				GCC_DYNAMIC_NO_PIC = NO;
				GCC_NO_COMMON_BLOCKS = YES;
				GCC_OPTIMIZATION_LEVEL = 0;
				GCC_PREPROCESSOR_DEFINITIONS = (
					"DEBUG=1",
					"$(inherited)",
				);
				GCC_WARN_64_TO_32_BIT_CONVERSION = YES;
				GCC_WARN_ABOUT_RETURN_TYPE = YES_ERROR;
				GCC_WARN_UNDECLARED_SELECTOR = YES;
				GCC_WARN_UNINITIALIZED_AUTOS = YES_AGGRESSIVE;
				GCC_WARN_UNUSED_FUNCTION = YES;
				GCC_WARN_UNUSED_VARIABLE = YES;
				IPHONEOS_DEPLOYMENT_TARGET = 14.4;
				MTL_ENABLE_DEBUG_INFO = INCLUDE_SOURCE;
				MTL_FAST_MATH = YES;
				ONLY_ACTIVE_ARCH = YES;
				SDKROOT = iphoneos;
				SWIFT_ACTIVE_COMPILATION_CONDITIONS = DEBUG;
				SWIFT_OPTIMIZATION_LEVEL = "-Onone";
			};
			name = Debug;
		};
		D1D981A0266FF54600FB521E /* Release */ = {
			isa = XCBuildConfiguration;
			buildSettings = {
				ALWAYS_SEARCH_USER_PATHS = NO;
				CLANG_ANALYZER_NONNULL = YES;
				CLANG_ANALYZER_NUMBER_OBJECT_CONVERSION = YES_AGGRESSIVE;
				CLANG_CXX_LANGUAGE_STANDARD = "gnu++14";
				CLANG_CXX_LIBRARY = "libc++";
				CLANG_ENABLE_MODULES = YES;
				CLANG_ENABLE_OBJC_ARC = YES;
				CLANG_ENABLE_OBJC_WEAK = YES;
				CLANG_WARN_BLOCK_CAPTURE_AUTORELEASING = YES;
				CLANG_WARN_BOOL_CONVERSION = YES;
				CLANG_WARN_COMMA = YES;
				CLANG_WARN_CONSTANT_CONVERSION = YES;
				CLANG_WARN_DEPRECATED_OBJC_IMPLEMENTATIONS = YES;
				CLANG_WARN_DIRECT_OBJC_ISA_USAGE = YES_ERROR;
				CLANG_WARN_DOCUMENTATION_COMMENTS = YES;
				CLANG_WARN_EMPTY_BODY = YES;
				CLANG_WARN_ENUM_CONVERSION = YES;
				CLANG_WARN_INFINITE_RECURSION = YES;
				CLANG_WARN_INT_CONVERSION = YES;
				CLANG_WARN_NON_LITERAL_NULL_CONVERSION = YES;
				CLANG_WARN_OBJC_IMPLICIT_RETAIN_SELF = YES;
				CLANG_WARN_OBJC_LITERAL_CONVERSION = YES;
				CLANG_WARN_OBJC_ROOT_CLASS = YES_ERROR;
				CLANG_WARN_QUOTED_INCLUDE_IN_FRAMEWORK_HEADER = YES;
				CLANG_WARN_RANGE_LOOP_ANALYSIS = YES;
				CLANG_WARN_STRICT_PROTOTYPES = YES;
				CLANG_WARN_SUSPICIOUS_MOVE = YES;
				CLANG_WARN_UNGUARDED_AVAILABILITY = YES_AGGRESSIVE;
				CLANG_WARN_UNREACHABLE_CODE = YES;
				CLANG_WARN__DUPLICATE_METHOD_MATCH = YES;
				COPY_PHASE_STRIP = NO;
				DEBUG_INFORMATION_FORMAT = "dwarf-with-dsym";
				ENABLE_NS_ASSERTIONS = NO;
				ENABLE_STRICT_OBJC_MSGSEND = YES;
				GCC_C_LANGUAGE_STANDARD = gnu11;
				GCC_NO_COMMON_BLOCKS = YES;
				GCC_WARN_64_TO_32_BIT_CONVERSION = YES;
				GCC_WARN_ABOUT_RETURN_TYPE = YES_ERROR;
				GCC_WARN_UNDECLARED_SELECTOR = YES;
				GCC_WARN_UNINITIALIZED_AUTOS = YES_AGGRESSIVE;
				GCC_WARN_UNUSED_FUNCTION = YES;
				GCC_WARN_UNUSED_VARIABLE = YES;
				IPHONEOS_DEPLOYMENT_TARGET = 14.4;
				MTL_ENABLE_DEBUG_INFO = NO;
				MTL_FAST_MATH = YES;
				SDKROOT = iphoneos;
				SWIFT_COMPILATION_MODE = wholemodule;
				SWIFT_OPTIMIZATION_LEVEL = "-O";
				VALIDATE_PRODUCT = YES;
			};
			name = Release;
		};
		D1D981A2266FF54600FB521E /* Debug */ = {
			isa = XCBuildConfiguration;
			baseConfigurationReference = F8313B3EF1B540F3CA6B7BB9 /* Pods-Weather2021.debug.xcconfig */;
			buildSettings = {
				ASSETCATALOG_COMPILER_APPICON_NAME = AppIcon;
				ASSETCATALOG_COMPILER_GLOBAL_ACCENT_COLOR_NAME = AccentColor;
				CODE_SIGN_STYLE = Automatic;
				DEVELOPMENT_TEAM = Q965X4Z326;
				EXCLUDED_ARCHS = "";
				"EXCLUDED_ARCHS[sdk=iphonesimulator*]" = arm64;
				INFOPLIST_FILE = Weather2021/Info.plist;
				LD_RUNPATH_SEARCH_PATHS = (
					"$(inherited)",
					"@executable_path/Frameworks",
				);
				PRODUCT_BUNDLE_IDENTIFIER = igor.matsepura.Weather2021;
				PRODUCT_NAME = "$(TARGET_NAME)";
				SWIFT_VERSION = 5.0;
				TARGETED_DEVICE_FAMILY = "1,2";
			};
			name = Debug;
		};
		D1D981A3266FF54600FB521E /* Release */ = {
			isa = XCBuildConfiguration;
			baseConfigurationReference = CAF57CBDF06EA9364D1E553A /* Pods-Weather2021.release.xcconfig */;
			buildSettings = {
				ASSETCATALOG_COMPILER_APPICON_NAME = AppIcon;
				ASSETCATALOG_COMPILER_GLOBAL_ACCENT_COLOR_NAME = AccentColor;
				CODE_SIGN_STYLE = Automatic;
				DEVELOPMENT_TEAM = Q965X4Z326;
				"EXCLUDED_ARCHS[sdk=iphonesimulator*]" = arm64;
				INFOPLIST_FILE = Weather2021/Info.plist;
				LD_RUNPATH_SEARCH_PATHS = (
					"$(inherited)",
					"@executable_path/Frameworks",
				);
				ONLY_ACTIVE_ARCH = YES;
				PRODUCT_BUNDLE_IDENTIFIER = igor.matsepura.Weather2021;
				PRODUCT_NAME = "$(TARGET_NAME)";
				SWIFT_VERSION = 5.0;
				TARGETED_DEVICE_FAMILY = "1,2";
			};
			name = Release;
		};
/* End XCBuildConfiguration section */

/* Begin XCConfigurationList section */
		D1D98188266FF54300FB521E /* Build configuration list for PBXProject "Weather2021" */ = {
			isa = XCConfigurationList;
			buildConfigurations = (
				D1D9819F266FF54600FB521E /* Debug */,
				D1D981A0266FF54600FB521E /* Release */,
			);
			defaultConfigurationIsVisible = 0;
			defaultConfigurationName = Release;
		};
		D1D981A1266FF54600FB521E /* Build configuration list for PBXNativeTarget "Weather2021" */ = {
			isa = XCConfigurationList;
			buildConfigurations = (
				D1D981A2266FF54600FB521E /* Debug */,
				D1D981A3266FF54600FB521E /* Release */,
			);
			defaultConfigurationIsVisible = 0;
			defaultConfigurationName = Release;
		};
/* End XCConfigurationList section */
	};
	rootObject = D1D98185266FF54300FB521E /* Project object */;
}
